{
  "name": "webrtc-server",
  "version": "1.0.0",
  "lockfileVersion": 1,
  "requires": true,
  "dependencies": {
    "ws": {
      "version": "8.2.1",
      "resolved": "https://registry.nlark.com/ws/download/ws-8.2.1.tgz?cache=0&sync_timestamp=1630167130412&other_urls=https%3A%2F%2Fregistry.nlark.com%2Fws%2Fdownload%2Fws-8.2.1.tgz",
      "integrity": "sha1-vdkrPFb9tH0jebWuU0KBkizFvRI="
    }
  }
}
